
Microsoft Visual Studio Solution File, Format Version 12.00
# Visual Studio Version 17
VisualStudioVersion = 17.0.31903.59
MinimumVisualStudioVersion = 10.0.40219.1
Project("{2150E333-8FDC-42A3-9474-1A3956D46DE8}") = "src", "src", "{7B2A8AA7-D0EA-48D5-B24F-94B0F5B34DEF}"
EndProject
Project("{FAE04EC0-301F-11D3-BF4B-00C04F79EFBC}") = "NetUsageMonitor", "src\NetUsageMonitor\NetUsageMonitor.csproj", "{7A7E3D9A-EF74-40FD-9EE3-55279F231027}"
EndProject
Global
	GlobalSection(SolutionConfigurationPlatforms) = preSolution
		Debug|Any CPU = Debug|Any CPU
		Release|Any CPU = Release|Any CPU
	EndGlobalSection
	GlobalSection(SolutionProperties) = preSolution
		HideSolutionNode = FALSE
	EndGlobalSection
	GlobalSection(ProjectConfigurationPlatforms) = postSolution
		{7A7E3D9A-EF74-40FD-9EE3-55279F231027}.Debug|Any CPU.ActiveCfg = Debug|Any CPU
		{7A7E3D9A-EF74-40FD-9EE3-55279F231027}.Debug|Any CPU.Build.0 = Debug|Any CPU
		{7A7E3D9A-EF74-40FD-9EE3-55279F231027}.Release|Any CPU.ActiveCfg = Release|Any CPU
		{7A7E3D9A-EF74-40FD-9EE3-55279F231027}.Release|Any CPU.Build.0 = Release|Any CPU
	EndGlobalSection
	GlobalSection(NestedProjects) = preSolution
		{7A7E3D9A-EF74-40FD-9EE3-55279F231027} = {7B2A8AA7-D0EA-48D5-B24F-94B0F5B34DEF}
	EndGlobalSection
EndGlobal
